{
    "_meta": {
        "hash": {
            "sha256": "2051d4be60768e90804c98697bd4f7123eb2f1613215cf17612307d234d791ac"
        },
        "pipfile-spec": 6,
        "requires": {
            "python_version": "3.6"
        },
        "sources": [
            {
                "name": "pypi",
                "url": "https://pypi.org/simple",
                "verify_ssl": true
            }
        ]
    },
    "default": {
        "approx-dates": {
            "hashes": [
                "sha256:b90f77b56695a8df6ddb852275db0f5884a69047c253ede0e2699c9e189d3003",
                "sha256:cc149ce46ca01eac60f58e84cb309939f1067befe60aff13d9c4251eba667bd6"
            ],
            "index": "pypi",
            "version": "==0.0.1"
        },
        "dateparser": {
            "hashes": [
                "sha256:e2629d2f8361722c6047138ca085256c9f2cf5cc657fd66122aa0564afa4dc33",
                "sha256:f8c24317120b06f71691d28076764ec084a132be2a250a78fdf54f6b427cac95"
            ],
            "index": "pypi",
            "version": "==0.6.0"
        },
        "django": {
            "hashes": [
                "sha256:25df265e1fdb74f7e7305a1de620a84681bcc9c05e84a3ed97e4a1a63024f18d",
                "sha256:d6d94554abc82ca37e447c3d28958f5ac39bd7d4adaa285543ae97fb1129fd69"
            ],
            "index": "pypi",
            "version": "==2.0.9"
        },
        "django-debug-toolbar": {
            "hashes": [
                "sha256:0b4d2b1ac49a8bc5604518e8e20f56c1c08c0c4873336107e7c773c42537876b",
                "sha256:e9f08b94f9423ac76cfc287151182bbaddbe7521ae32bef9f9863e2ac58018d3"
            ],
            "index": "pypi",
            "version": "==1.8"
        },
        "djangorestframework": {
            "hashes": [
                "sha256:6aa6aafdfb7f6152a401873ecae93aff9eb54d7a74266065347cf4de68278ae4",
                "sha256:bb9d55997a71fb1c844cd84c15cbe2e87d2ec8493a685f96aa3db403760626b7"
            ],
            "index": "pypi",
            "version": "==3.6.3"
        },
        "python-dateutil": {
            "hashes": [
                "sha256:1adb80e7a782c12e52ef9a8182bebeb73f1d7e24e374397af06fb4956c8dc5c0",
                "sha256:e27001de32f627c22380a688bcc43ce83504a7bc5da472209b4c70f02829f0b8"
            ],
            "version": "==2.7.3"
        },
        "pytz": {
            "hashes": [
                "sha256:a061aa0a9e06881eb8b3b2b43f05b9439d6583c206d0a6c340ff72a7b6669053",
                "sha256:ffb9ef1de172603304d9d2819af6f5ece76f2e85ec10692a524dd876e72bf277"
            ],
            "version": "==2018.5"
        },
        "regex": {
            "hashes": [
                "sha256:22d7ef8c2df344328a8a3c61edade2ee714e5de9360911d22a9213931c769faa",
                "sha256:3a699780c6b712c67dc23207b129ccc6a7e1270233f7aadead3ea3f83c893702",
                "sha256:42f460d349baebd5faec02a0c920988fb0300b24baf898d9c139886565b66b6c",
                "sha256:43bf3d79940cbdf19adda838d8b26b28b47bec793cda46590b5b25703742f440",
                "sha256:47d6c7f0588ef33464e00023067c4e7cce68e0d6a686a73c7ee15abfdad503d4",
                "sha256:5b879f59f25ed9b91bc8693a9a994014b431f224f492519ad0255ce6b54b83e5",
                "sha256:8ba0093c412900f636b0f826c597a0c3ea0e395344bc99894ddefe88b76c9c7e",
                "sha256:a4789254a1a0bd7a637036cce0b7ed72d8cc864e93f2e9cfd10ac00ae27bb7b0",
                "sha256:b73cea07117dca888b0c3671770b501bef19aac9c45c8ffdb5bea2cca2377b0a",
                "sha256:d3eb59fa3e5b5438438ec97acd9dc86f077428e020b015b43987e35bea68ef4c",
                "sha256:d51d232b4e2f106deaf286001f563947fee255bc5bd209a696f027e15cf0a1e7",
                "sha256:d59b03131a8e35061b47a8f186324a95eaf30d5f6ee9cc0637e7b87d29c7c9b5",
                "sha256:dd705df1b47470388fc4630e4df3cbbe7677e2ab80092a1c660cae630a307b2d",
                "sha256:e87fffa437a4b00afb17af785da9b01618425d6cd984c677639deb937037d8f2",
                "sha256:ed40e0474ab5ab228a8d133759d451b31d3ccdebaff698646e54aff82c3de4f8"
            ],
            "version": "==2018.8.29"
        },
        "ruamel.yaml": {
            "hashes": [
                "sha256:0dc040e569fae5c1ba3f2dfb36194b13806fff7ae4bd0d8aa27acebeca5b6248",
                "sha256:26fcf3e09e23d6a75f424a6c90ae736d0e865009f5d46f49f44c2a6b9deb1368",
                "sha256:342d1c23e593cf4fcc1a62a6e0f0e42915cbab29c2c805198bb20186a6fbfd42",
                "sha256:3988638a58a370c61657b8b4cb0d5e2460aeeeb1086b4cd33b8ee8cdbb8f76fa",
                "sha256:61427694d0698cbb26f1fd291cf77a9e7c25173793794cb56da0afc92adf7e85",
                "sha256:626193e2d71243e19c05d50e8f6f9248d3469e55c180640f9055a4356a3349b4",
                "sha256:7884fb4bb004d069e54ec759ae95d58eb5ab8d826e2f1912f82652379b8e29a8",
                "sha256:82dcdc0258f09ef9a11403c7cd8a58f8f6630f6e5b63146626baeb134e1f197c",
                "sha256:9b1b3e78dee30a2fcad01be63990702ddfeeba77b80215441c2940e762c46e35",
                "sha256:a172db832921d4e9f19df416029454a917b784c3a9f03d4d94d49caf5c9525ec",
                "sha256:a1e35eff0e89f379dd737750853d5780a0deff9a5702659c48d3ff81366cfde3",
                "sha256:a85fba19af68b5ee547c8619c3c82a31f4de12255a194b0bf51948028339258d",
                "sha256:a8ea051a1f6fe0184d86020fe8e873823f2555d28b9114e6b580fc5282fedf1a",
                "sha256:ae4c40b406e64ef9e168bfe44a2476671795f750ac2feba82fb21756fb76bc9b",
                "sha256:b0a3f5c589e6a61d9d36678cfc0b329b93e9425d215a442a44f35f401d1e15b2",
                "sha256:be4697f74edd665169282953b8f2a8cc08426c15a72095eb7fef094390f28128",
                "sha256:dc3c1bc500af8d088cff3282531aab1f09f058daa349918ef02d2667ca0ba468",
                "sha256:e548fc78c2044b057393c70220bd2fc2393f680fe5c87bb5cce8e7c51e256d91",
                "sha256:e736199b5d9ff3702b796d61fe012ba0b284534b4a8dd50a14966b42fcdf0b68",
                "sha256:f04f2e305450c39ab5f075959d8cc8c5f1a800a7088ab05e80306ac4092b7e3b",
                "sha256:f25b53a3d0454330ca9794980a71cfeabb2eae096057ebdd7e0275947067dd75",
                "sha256:fd9cb99b56a89e658a377ec706a8bbcca82358fbeb03c42d4608ec27f7c82b8c"
            ],
            "version": "==0.15.71"
        },
        "six": {
            "hashes": [
                "sha256:70e8a77beed4562e7f14fe23a786b54f6296e34344c23bc42f07b15018ff98e9",
                "sha256:832dc0e10feb1aa2c68dcc57dbb658f1c7e65b9b61af69048abc87a2db00a0eb"
            ],
            "version": "==1.11.0"
        },
        "sqlparse": {
            "hashes": [
                "sha256:ce028444cfab83be538752a2ffdb56bc417b7784ff35bb9a3062413717807dec",
                "sha256:d9cf190f51cbb26da0412247dfe4fb5f4098edb73db84e02f9fc21fdca31fed4"
            ],
            "version": "==0.2.4"
        },
        "tzlocal": {
            "hashes": [
                "sha256:4ebeb848845ac898da6519b9b31879cf13b6626f7184c496037b818e238f2c4e"
            ],
            "version": "==1.5.1"
        }
    },
    "develop": {}
}
